{
  "nodes": {
    "nixpkgs": {
      "locked": {
        "lastModified": 1657160890,
        "narHash": "sha256-rcysp4RmFLAfO9iG15LlgibpbKvZ150BW2Ga5iZMIS8=",
        "owner": "NixOS",
        "repo": "nixpkgs",
        "rev": "20c05528c349ed89f6ce3d206ed918f117ad67e6",
        "type": "github"
      },
      "original": {
        "owner": "NixOS",
        "repo": "nixpkgs",
        "type": "github"
      }
    },
    "root": {
      "inputs": {
        "nixpkgs": "nixpkgs"
      }
    }
  },
  "root": "root",
  "version": 7
}
